
Microsoft Visual Studio Solution File, Format Version 12.00
# Visual Studio Version 16
VisualStudioVersion = 16.0.31321.278
MinimumVisualStudioVersion = 10.0.40219.1
Project("{FAE04EC0-301F-11D3-BF4B-00C04F79EFBC}") = "conditionals = william garcia", "conditionals = william garcia.csproj", "{D2CB25FB-7505-4340-9087-AF3A3B5C51E4}"
EndProject
Global
	GlobalSection(SolutionConfigurationPlatforms) = preSolution
		Debug|Any CPU = Debug|Any CPU
		Release|Any CPU = Release|Any CPU
	EndGlobalSection
	GlobalSection(ProjectConfigurationPlatforms) = postSolution
		{D2CB25FB-7505-4340-9087-AF3A3B5C51E4}.Debug|Any CPU.ActiveCfg = Debug|Any CPU
		{D2CB25FB-7505-4340-9087-AF3A3B5C51E4}.Debug|Any CPU.Build.0 = Debug|Any CPU
		{D2CB25FB-7505-4340-9087-AF3A3B5C51E4}.Release|Any CPU.ActiveCfg = Release|Any CPU
		{D2CB25FB-7505-4340-9087-AF3A3B5C51E4}.Release|Any CPU.Build.0 = Release|Any CPU
	EndGlobalSection
	GlobalSection(SolutionProperties) = preSolution
		HideSolutionNode = FALSE
	EndGlobalSection
	GlobalSection(ExtensibilityGlobals) = postSolution
		SolutionGuid = {2440A67E-23BD-49B6-B207-D6720F502376}
	EndGlobalSection
EndGlobal
